
Microsoft Visual Studio Solution File, Format Version 12.00
# Visual Studio Version 16
VisualStudioVersion = 16.0.31729.503
MinimumVisualStudioVersion = 10.0.40219.1
Project("{9A19103F-16F7-4668-BE54-9A1E7A4F7556}") = "GlencoreWordGame", "GlencoreWordGame\GlencoreWordGame.csproj", "{27E7EABC-FA86-464A-9DA7-E0AA757FD245}"
EndProject
Project("{FAE04EC0-301F-11D3-BF4B-00C04F79EFBC}") = "GlencoreWordGameUnitTests", "GlencoreWordGameUnitTests\GlencoreWordGameUnitTests.csproj", "{2ADCB383-056D-4735-917A-9DC979E44498}"
EndProject
Global
	GlobalSection(SolutionConfigurationPlatforms) = preSolution
		Debug|Any CPU = Debug|Any CPU
		Release|Any CPU = Release|Any CPU
	EndGlobalSection
	GlobalSection(ProjectConfigurationPlatforms) = postSolution
		{27E7EABC-FA86-464A-9DA7-E0AA757FD245}.Debug|Any CPU.ActiveCfg = Debug|Any CPU
		{27E7EABC-FA86-464A-9DA7-E0AA757FD245}.Debug|Any CPU.Build.0 = Debug|Any CPU
		{27E7EABC-FA86-464A-9DA7-E0AA757FD245}.Release|Any CPU.ActiveCfg = Release|Any CPU
		{27E7EABC-FA86-464A-9DA7-E0AA757FD245}.Release|Any CPU.Build.0 = Release|Any CPU
		{2ADCB383-056D-4735-917A-9DC979E44498}.Debug|Any CPU.ActiveCfg = Debug|Any CPU
		{2ADCB383-056D-4735-917A-9DC979E44498}.Debug|Any CPU.Build.0 = Debug|Any CPU
		{2ADCB383-056D-4735-917A-9DC979E44498}.Release|Any CPU.ActiveCfg = Release|Any CPU
		{2ADCB383-056D-4735-917A-9DC979E44498}.Release|Any CPU.Build.0 = Release|Any CPU
	EndGlobalSection
	GlobalSection(SolutionProperties) = preSolution
		HideSolutionNode = FALSE
	EndGlobalSection
	GlobalSection(ExtensibilityGlobals) = postSolution
		SolutionGuid = {1397E926-7E13-4DD1-A97F-765C56DFC8CD}
	EndGlobalSection
EndGlobal
